{
	"name": "jackvangestel.nl",
	"lockfileVersion": 3,
	"requires": true,
	"packages": {
		"": {
			"devDependencies": {
				"lite-youtube-embed": "^0.3.3"
			}
		},
		"node_modules/.pnpm/lite-youtube-embed@0.3.3/node_modules/lite-youtube-embed": {
			"version": "0.3.3",
			"dev": true,
			"license": "Apache-2.0"
		},
		"node_modules/lite-youtube-embed": {
			"resolved": "node_modules/.pnpm/lite-youtube-embed@0.3.3/node_modules/lite-youtube-embed",
			"link": true
		}
	}
}
